
Microsoft Visual Studio Solution File, Format Version 12.00
# Visual Studio Version 17
VisualStudioVersion = 17.0.31919.166
MinimumVisualStudioVersion = 10.0.40219.1
Project("{FAE04EC0-301F-11D3-BF4B-00C04F79EFBC}") = "Lesson-4.4", "Lesson-4.4\Lesson-4.4.csproj", "{5ECF567D-B858-40D6-8D1F-F3F365AF8360}"
EndProject
Global
	GlobalSection(SolutionConfigurationPlatforms) = preSolution
		Debug|Any CPU = Debug|Any CPU
		Release|Any CPU = Release|Any CPU
	EndGlobalSection
	GlobalSection(ProjectConfigurationPlatforms) = postSolution
		{5ECF567D-B858-40D6-8D1F-F3F365AF8360}.Debug|Any CPU.ActiveCfg = Debug|Any CPU
		{5ECF567D-B858-40D6-8D1F-F3F365AF8360}.Debug|Any CPU.Build.0 = Debug|Any CPU
		{5ECF567D-B858-40D6-8D1F-F3F365AF8360}.Release|Any CPU.ActiveCfg = Release|Any CPU
		{5ECF567D-B858-40D6-8D1F-F3F365AF8360}.Release|Any CPU.Build.0 = Release|Any CPU
	EndGlobalSection
	GlobalSection(SolutionProperties) = preSolution
		HideSolutionNode = FALSE
	EndGlobalSection
	GlobalSection(ExtensibilityGlobals) = postSolution
		SolutionGuid = {78098224-5441-4DEF-BD98-67402D6D522B}
	EndGlobalSection
EndGlobal
