
Microsoft Visual Studio Solution File, Format Version 12.00
# Visual Studio Version 17
VisualStudioVersion = 17.0.31919.166
MinimumVisualStudioVersion = 10.0.40219.1
Project("{FAE04EC0-301F-11D3-BF4B-00C04F79EFBC}") = "Lesson-2.4", "Lesson-2.4\Lesson-2.4.csproj", "{01A4767F-612A-43AA-8644-F7A1CC0AB0FC}"
EndProject
Global
	GlobalSection(SolutionConfigurationPlatforms) = preSolution
		Debug|Any CPU = Debug|Any CPU
		Release|Any CPU = Release|Any CPU
	EndGlobalSection
	GlobalSection(ProjectConfigurationPlatforms) = postSolution
		{01A4767F-612A-43AA-8644-F7A1CC0AB0FC}.Debug|Any CPU.ActiveCfg = Debug|Any CPU
		{01A4767F-612A-43AA-8644-F7A1CC0AB0FC}.Debug|Any CPU.Build.0 = Debug|Any CPU
		{01A4767F-612A-43AA-8644-F7A1CC0AB0FC}.Release|Any CPU.ActiveCfg = Release|Any CPU
		{01A4767F-612A-43AA-8644-F7A1CC0AB0FC}.Release|Any CPU.Build.0 = Release|Any CPU
	EndGlobalSection
	GlobalSection(SolutionProperties) = preSolution
		HideSolutionNode = FALSE
	EndGlobalSection
	GlobalSection(ExtensibilityGlobals) = postSolution
		SolutionGuid = {DA524807-BC7F-4678-B949-DAF653F4504E}
	EndGlobalSection
EndGlobal
