
Microsoft Visual Studio Solution File, Format Version 12.00
# Visual Studio Version 17
VisualStudioVersion = 17.0.31919.166
MinimumVisualStudioVersion = 10.0.40219.1
Project("{FAE04EC0-301F-11D3-BF4B-00C04F79EFBC}") = "Lesson-5.1", "Lesson-5.1\Lesson-5.1.csproj", "{909DF74D-65F3-4663-9989-89FDDA0FCFD4}"
EndProject
Global
	GlobalSection(SolutionConfigurationPlatforms) = preSolution
		Debug|Any CPU = Debug|Any CPU
		Release|Any CPU = Release|Any CPU
	EndGlobalSection
	GlobalSection(ProjectConfigurationPlatforms) = postSolution
		{909DF74D-65F3-4663-9989-89FDDA0FCFD4}.Debug|Any CPU.ActiveCfg = Debug|Any CPU
		{909DF74D-65F3-4663-9989-89FDDA0FCFD4}.Debug|Any CPU.Build.0 = Debug|Any CPU
		{909DF74D-65F3-4663-9989-89FDDA0FCFD4}.Release|Any CPU.ActiveCfg = Release|Any CPU
		{909DF74D-65F3-4663-9989-89FDDA0FCFD4}.Release|Any CPU.Build.0 = Release|Any CPU
	EndGlobalSection
	GlobalSection(SolutionProperties) = preSolution
		HideSolutionNode = FALSE
	EndGlobalSection
	GlobalSection(ExtensibilityGlobals) = postSolution
		SolutionGuid = {9CD00D6F-0326-4C52-8427-CA70D0A4649F}
	EndGlobalSection
EndGlobal
